
Microsoft Visual Studio Solution File, Format Version 12.00
# Visual Studio Version 16
VisualStudioVersion = 16.0.30114.105
MinimumVisualStudioVersion = 10.0.40219.1
Project("{FAE04EC0-301F-11D3-BF4B-00C04F79EFBC}") = "Library_System.UI", "Library_System.UI\Library_System.UI.csproj", "{DB5536A5-7EB5-4CD6-B429-086D874E87F0}"
EndProject
Project("{FAE04EC0-301F-11D3-BF4B-00C04F79EFBC}") = "Libary_System.Entities", "Libary_System.Entities\Libary_System.Entities.csproj", "{02533238-E5E6-4BBB-9C48-52BF1F5B63DE}"
EndProject
Project("{FAE04EC0-301F-11D3-BF4B-00C04F79EFBC}") = "Libary_System.DAL", "Libary_System.DAL\Libary_System.DAL.csproj", "{0D6A528D-2FD7-415F-8651-4ED12555CE5E}"
EndProject
Project("{FAE04EC0-301F-11D3-BF4B-00C04F79EFBC}") = "Libary_System.Repository", "Libary_System.Repository\Libary_System.Repository.csproj", "{EFB79600-3BF3-459A-8A6A-98C0AE13FE4E}"
EndProject
Project("{FAE04EC0-301F-11D3-BF4B-00C04F79EFBC}") = "Libary_System.Business", "Libary_System.Business\Libary_System.Business.csproj", "{79DF8233-4FDF-4BC4-AC98-40DD5C579D07}"
EndProject
Global
	GlobalSection(SolutionConfigurationPlatforms) = preSolution
		Debug|Any CPU = Debug|Any CPU
		Release|Any CPU = Release|Any CPU
	EndGlobalSection
	GlobalSection(ProjectConfigurationPlatforms) = postSolution
		{DB5536A5-7EB5-4CD6-B429-086D874E87F0}.Debug|Any CPU.ActiveCfg = Debug|Any CPU
		{DB5536A5-7EB5-4CD6-B429-086D874E87F0}.Debug|Any CPU.Build.0 = Debug|Any CPU
		{DB5536A5-7EB5-4CD6-B429-086D874E87F0}.Release|Any CPU.ActiveCfg = Release|Any CPU
		{DB5536A5-7EB5-4CD6-B429-086D874E87F0}.Release|Any CPU.Build.0 = Release|Any CPU
		{02533238-E5E6-4BBB-9C48-52BF1F5B63DE}.Debug|Any CPU.ActiveCfg = Debug|Any CPU
		{02533238-E5E6-4BBB-9C48-52BF1F5B63DE}.Debug|Any CPU.Build.0 = Debug|Any CPU
		{02533238-E5E6-4BBB-9C48-52BF1F5B63DE}.Release|Any CPU.ActiveCfg = Release|Any CPU
		{02533238-E5E6-4BBB-9C48-52BF1F5B63DE}.Release|Any CPU.Build.0 = Release|Any CPU
		{0D6A528D-2FD7-415F-8651-4ED12555CE5E}.Debug|Any CPU.ActiveCfg = Debug|Any CPU
		{0D6A528D-2FD7-415F-8651-4ED12555CE5E}.Debug|Any CPU.Build.0 = Debug|Any CPU
		{0D6A528D-2FD7-415F-8651-4ED12555CE5E}.Release|Any CPU.ActiveCfg = Release|Any CPU
		{0D6A528D-2FD7-415F-8651-4ED12555CE5E}.Release|Any CPU.Build.0 = Release|Any CPU
		{EFB79600-3BF3-459A-8A6A-98C0AE13FE4E}.Debug|Any CPU.ActiveCfg = Debug|Any CPU
		{EFB79600-3BF3-459A-8A6A-98C0AE13FE4E}.Debug|Any CPU.Build.0 = Debug|Any CPU
		{EFB79600-3BF3-459A-8A6A-98C0AE13FE4E}.Release|Any CPU.ActiveCfg = Release|Any CPU
		{EFB79600-3BF3-459A-8A6A-98C0AE13FE4E}.Release|Any CPU.Build.0 = Release|Any CPU
		{79DF8233-4FDF-4BC4-AC98-40DD5C579D07}.Debug|Any CPU.ActiveCfg = Debug|Any CPU
		{79DF8233-4FDF-4BC4-AC98-40DD5C579D07}.Debug|Any CPU.Build.0 = Debug|Any CPU
		{79DF8233-4FDF-4BC4-AC98-40DD5C579D07}.Release|Any CPU.ActiveCfg = Release|Any CPU
		{79DF8233-4FDF-4BC4-AC98-40DD5C579D07}.Release|Any CPU.Build.0 = Release|Any CPU
	EndGlobalSection
	GlobalSection(SolutionProperties) = preSolution
		HideSolutionNode = FALSE
	EndGlobalSection
	GlobalSection(ExtensibilityGlobals) = postSolution
		SolutionGuid = {40D7784C-2313-476C-AE96-0E3D7290BCA8}
	EndGlobalSection
EndGlobal
